
Microsoft Visual Studio Solution File, Format Version 12.00
# Visual Studio Version 17
VisualStudioVersion = 17.2.32616.157
MinimumVisualStudioVersion = 10.0.40219.1
Project("{FAE04EC0-301F-11D3-BF4B-00C04F79EFBC}") = "tp2", "tp1\tp2.csproj", "{F66DDF55-76CA-4511-A815-EB486660CB3F}"
EndProject
Global
	GlobalSection(SolutionConfigurationPlatforms) = preSolution
		Debug|Any CPU = Debug|Any CPU
		Release|Any CPU = Release|Any CPU
	EndGlobalSection
	GlobalSection(ProjectConfigurationPlatforms) = postSolution
		{F66DDF55-76CA-4511-A815-EB486660CB3F}.Debug|Any CPU.ActiveCfg = Debug|Any CPU
		{F66DDF55-76CA-4511-A815-EB486660CB3F}.Debug|Any CPU.Build.0 = Debug|Any CPU
		{F66DDF55-76CA-4511-A815-EB486660CB3F}.Release|Any CPU.ActiveCfg = Release|Any CPU
		{F66DDF55-76CA-4511-A815-EB486660CB3F}.Release|Any CPU.Build.0 = Release|Any CPU
	EndGlobalSection
	GlobalSection(SolutionProperties) = preSolution
		HideSolutionNode = FALSE
	EndGlobalSection
	GlobalSection(ExtensibilityGlobals) = postSolution
		SolutionGuid = {AFFD4765-467F-4B34-9C3B-6DD9E10824C0}
	EndGlobalSection
EndGlobal
